
Microsoft Visual Studio Solution File, Format Version 12.00
# Visual Studio Version 17
VisualStudioVersion = 17.5.001.0
MinimumVisualStudioVersion = 10.0.40219.1
Project("{9A19103F-16F7-4668-BE54-9A1E7A4F7556}") = "WhitespaceExercise", "WhitespaceExercise.csproj", "{1071DB7A-26A9-4E41-9164-13320D911157}"
EndProject
Global
	GlobalSection(SolutionConfigurationPlatforms) = preSolution
		Debug|Any CPU = Debug|Any CPU
		Release|Any CPU = Release|Any CPU
	EndGlobalSection
	GlobalSection(ProjectConfigurationPlatforms) = postSolution
		{1071DB7A-26A9-4E41-9164-13320D911157}.Debug|Any CPU.ActiveCfg = Debug|Any CPU
		{1071DB7A-26A9-4E41-9164-13320D911157}.Debug|Any CPU.Build.0 = Debug|Any CPU
		{1071DB7A-26A9-4E41-9164-13320D911157}.Release|Any CPU.ActiveCfg = Release|Any CPU
		{1071DB7A-26A9-4E41-9164-13320D911157}.Release|Any CPU.Build.0 = Release|Any CPU
	EndGlobalSection
	GlobalSection(SolutionProperties) = preSolution
		HideSolutionNode = FALSE
	EndGlobalSection
	GlobalSection(ExtensibilityGlobals) = postSolution
		SolutionGuid = {4F1216BF-5108-459E-89A6-60A4F7B9807F}
	EndGlobalSection
EndGlobal
