
Microsoft Visual Studio Solution File, Format Version 12.00
# Visual Studio Version 17
VisualStudioVersion = 17.5.001.0
MinimumVisualStudioVersion = 10.0.40219.1
Project("{9A19103F-16F7-4668-BE54-9A1E7A4F7556}") = "Final", "Final\Final.csproj", "{A8627D70-F4AF-4E6F-BEED-A995325D65FE}"
EndProject
Project("{9A19103F-16F7-4668-BE54-9A1E7A4F7556}") = "Starter", "Starter\Starter.csproj", "{3A3551A7-2944-4132-AD16-9C90CA00899C}"
EndProject
Global
	GlobalSection(SolutionConfigurationPlatforms) = preSolution
		Debug|Any CPU = Debug|Any CPU
		Release|Any CPU = Release|Any CPU
	EndGlobalSection
	GlobalSection(ProjectConfigurationPlatforms) = postSolution
		{A8627D70-F4AF-4E6F-BEED-A995325D65FE}.Debug|Any CPU.ActiveCfg = Debug|Any CPU
		{A8627D70-F4AF-4E6F-BEED-A995325D65FE}.Debug|Any CPU.Build.0 = Debug|Any CPU
		{A8627D70-F4AF-4E6F-BEED-A995325D65FE}.Release|Any CPU.ActiveCfg = Release|Any CPU
		{A8627D70-F4AF-4E6F-BEED-A995325D65FE}.Release|Any CPU.Build.0 = Release|Any CPU
		{3A3551A7-2944-4132-AD16-9C90CA00899C}.Debug|Any CPU.ActiveCfg = Debug|Any CPU
		{3A3551A7-2944-4132-AD16-9C90CA00899C}.Debug|Any CPU.Build.0 = Debug|Any CPU
		{3A3551A7-2944-4132-AD16-9C90CA00899C}.Release|Any CPU.ActiveCfg = Release|Any CPU
		{3A3551A7-2944-4132-AD16-9C90CA00899C}.Release|Any CPU.Build.0 = Release|Any CPU
	EndGlobalSection
	GlobalSection(SolutionProperties) = preSolution
		HideSolutionNode = FALSE
	EndGlobalSection
	GlobalSection(ExtensibilityGlobals) = postSolution
		SolutionGuid = {0923DD50-02A7-4A3A-A3A7-BD540B0241E1}
	EndGlobalSection
EndGlobal
