
Microsoft Visual Studio Solution File, Format Version 12.00
# Visual Studio Version 17
VisualStudioVersion = 17.5.001.0
MinimumVisualStudioVersion = 10.0.40219.1
Project("{9A19103F-16F7-4668-BE54-9A1E7A4F7556}") = "ReadabilityChallenge", "ReadabilityChallenge.csproj", "{4E7FBAA9-1774-4587-8BBE-1B10EBCCF335}"
EndProject
Global
	GlobalSection(SolutionConfigurationPlatforms) = preSolution
		Debug|Any CPU = Debug|Any CPU
		Release|Any CPU = Release|Any CPU
	EndGlobalSection
	GlobalSection(ProjectConfigurationPlatforms) = postSolution
		{4E7FBAA9-1774-4587-8BBE-1B10EBCCF335}.Debug|Any CPU.ActiveCfg = Debug|Any CPU
		{4E7FBAA9-1774-4587-8BBE-1B10EBCCF335}.Debug|Any CPU.Build.0 = Debug|Any CPU
		{4E7FBAA9-1774-4587-8BBE-1B10EBCCF335}.Release|Any CPU.ActiveCfg = Release|Any CPU
		{4E7FBAA9-1774-4587-8BBE-1B10EBCCF335}.Release|Any CPU.Build.0 = Release|Any CPU
	EndGlobalSection
	GlobalSection(SolutionProperties) = preSolution
		HideSolutionNode = FALSE
	EndGlobalSection
	GlobalSection(ExtensibilityGlobals) = postSolution
		SolutionGuid = {5E31E6F1-4AC3-4D58-86CB-5E504EA15D46}
	EndGlobalSection
EndGlobal
